
Microsoft Visual Studio Solution File, Format Version 12.00
# Visual Studio Version 17
VisualStudioVersion = 17.9.34701.34
MinimumVisualStudioVersion = 10.0.40219.1
Project("{FAE04EC0-301F-11D3-BF4B-00C04F79EFBC}") = "Home.UI", "Home.UI\Home.UI.csproj", "{6C492EBD-BF8C-4E8F-A620-0A4E65D7CA59}"
EndProject
Project("{FAE04EC0-301F-11D3-BF4B-00C04F79EFBC}") = "Domain", "Domain\Domain.csproj", "{FF1D184A-E9D4-42F4-A105-E9E7A9E6B529}"
EndProject
Project("{FAE04EC0-301F-11D3-BF4B-00C04F79EFBC}") = "Aplication", "Aplication\Aplication.csproj", "{7D82813D-587E-4F92-BBC2-F1503438D4F3}"
EndProject
Project("{FAE04EC0-301F-11D3-BF4B-00C04F79EFBC}") = "Infrastructure", "Infrastructure\Infrastructure.csproj", "{EB00538C-3711-4D07-8ED1-1D22F54B7261}"
EndProject
Global
	GlobalSection(SolutionConfigurationPlatforms) = preSolution
		Debug|Any CPU = Debug|Any CPU
		Release|Any CPU = Release|Any CPU
	EndGlobalSection
	GlobalSection(ProjectConfigurationPlatforms) = postSolution
		{6C492EBD-BF8C-4E8F-A620-0A4E65D7CA59}.Debug|Any CPU.ActiveCfg = Debug|Any CPU
		{6C492EBD-BF8C-4E8F-A620-0A4E65D7CA59}.Debug|Any CPU.Build.0 = Debug|Any CPU
		{6C492EBD-BF8C-4E8F-A620-0A4E65D7CA59}.Release|Any CPU.ActiveCfg = Release|Any CPU
		{6C492EBD-BF8C-4E8F-A620-0A4E65D7CA59}.Release|Any CPU.Build.0 = Release|Any CPU
		{FF1D184A-E9D4-42F4-A105-E9E7A9E6B529}.Debug|Any CPU.ActiveCfg = Debug|Any CPU
		{FF1D184A-E9D4-42F4-A105-E9E7A9E6B529}.Debug|Any CPU.Build.0 = Debug|Any CPU
		{FF1D184A-E9D4-42F4-A105-E9E7A9E6B529}.Release|Any CPU.ActiveCfg = Release|Any CPU
		{FF1D184A-E9D4-42F4-A105-E9E7A9E6B529}.Release|Any CPU.Build.0 = Release|Any CPU
		{7D82813D-587E-4F92-BBC2-F1503438D4F3}.Debug|Any CPU.ActiveCfg = Debug|Any CPU
		{7D82813D-587E-4F92-BBC2-F1503438D4F3}.Debug|Any CPU.Build.0 = Debug|Any CPU
		{7D82813D-587E-4F92-BBC2-F1503438D4F3}.Release|Any CPU.ActiveCfg = Release|Any CPU
		{7D82813D-587E-4F92-BBC2-F1503438D4F3}.Release|Any CPU.Build.0 = Release|Any CPU
		{EB00538C-3711-4D07-8ED1-1D22F54B7261}.Debug|Any CPU.ActiveCfg = Debug|Any CPU
		{EB00538C-3711-4D07-8ED1-1D22F54B7261}.Debug|Any CPU.Build.0 = Debug|Any CPU
		{EB00538C-3711-4D07-8ED1-1D22F54B7261}.Release|Any CPU.ActiveCfg = Release|Any CPU
		{EB00538C-3711-4D07-8ED1-1D22F54B7261}.Release|Any CPU.Build.0 = Release|Any CPU
	EndGlobalSection
	GlobalSection(SolutionProperties) = preSolution
		HideSolutionNode = FALSE
	EndGlobalSection
	GlobalSection(ExtensibilityGlobals) = postSolution
		SolutionGuid = {5600928F-F760-478C-87E3-865838B7BC89}
	EndGlobalSection
EndGlobal
